{
  "name": "getting-started-with-ml-using-js",
  "version": "1.0.0",
  "lockfileVersion": 1,
  "requires": true,
  "dependencies": {
    "csvtojson": {
      "version": "1.1.7",
      "resolved": "http://registry.npm.taobao.org/csvtojson/download/csvtojson-1.1.7.tgz",
      "integrity": "sha1-F97QeuwNjAHy1vaHHPo2q4ixSbE="
    },
    "ml-regression": {
      "version": "4.2.1",
      "resolved": "http://registry.npm.taobao.org/ml-regression/download/ml-regression-4.2.1.tgz",
      "integrity": "sha1-BhpwwY8il+rXTbLB+ZmS8TKYhvI="
    }
  }
}
